
Microsoft Visual Studio Solution File, Format Version 12.00
# Visual Studio Version 17
VisualStudioVersion = 17.3.32825.248
MinimumVisualStudioVersion = 10.0.40219.1
Project("{8BC9CEB8-8B4A-11D0-8D11-00A0C91BC942}") = "DS_Project", "DS_Project\DS_Project.vcxproj", "{0DBDCCD9-D72E-4D70-82D4-FFE22D61F552}"
EndProject
Global
	GlobalSection(SolutionConfigurationPlatforms) = preSolution
		Debug|x64 = Debug|x64
		Debug|x86 = Debug|x86
		Release|x64 = Release|x64
		Release|x86 = Release|x86
	EndGlobalSection
	GlobalSection(ProjectConfigurationPlatforms) = postSolution
		{0DBDCCD9-D72E-4D70-82D4-FFE22D61F552}.Debug|x64.ActiveCfg = Debug|x64
		{0DBDCCD9-D72E-4D70-82D4-FFE22D61F552}.Debug|x64.Build.0 = Debug|x64
		{0DBDCCD9-D72E-4D70-82D4-FFE22D61F552}.Debug|x86.ActiveCfg = Debug|Win32
		{0DBDCCD9-D72E-4D70-82D4-FFE22D61F552}.Debug|x86.Build.0 = Debug|Win32
		{0DBDCCD9-D72E-4D70-82D4-FFE22D61F552}.Release|x64.ActiveCfg = Release|x64
		{0DBDCCD9-D72E-4D70-82D4-FFE22D61F552}.Release|x64.Build.0 = Release|x64
		{0DBDCCD9-D72E-4D70-82D4-FFE22D61F552}.Release|x86.ActiveCfg = Release|Win32
		{0DBDCCD9-D72E-4D70-82D4-FFE22D61F552}.Release|x86.Build.0 = Release|Win32
	EndGlobalSection
	GlobalSection(SolutionProperties) = preSolution
		HideSolutionNode = FALSE
	EndGlobalSection
	GlobalSection(ExtensibilityGlobals) = postSolution
		SolutionGuid = {8434DCB4-5E03-4B97-A673-FBAD3014A170}
	EndGlobalSection
EndGlobal
